
Microsoft Visual Studio Solution File, Format Version 12.00
# Visual Studio Version 17
VisualStudioVersion = 17.5.33424.131
MinimumVisualStudioVersion = 10.0.40219.1
Project("{9A19103F-16F7-4668-BE54-9A1E7A4F7556}") = "Task4", "src\Task4.csproj", "{D5A5ABA6-42B7-4C05-BD69-BD970153CBFF}"
EndProject
Global
	GlobalSection(SolutionConfigurationPlatforms) = preSolution
		Debug|Any CPU = Debug|Any CPU
		Release|Any CPU = Release|Any CPU
	EndGlobalSection
	GlobalSection(ProjectConfigurationPlatforms) = postSolution
		{D5A5ABA6-42B7-4C05-BD69-BD970153CBFF}.Debug|Any CPU.ActiveCfg = Debug|Any CPU
		{D5A5ABA6-42B7-4C05-BD69-BD970153CBFF}.Debug|Any CPU.Build.0 = Debug|Any CPU
		{D5A5ABA6-42B7-4C05-BD69-BD970153CBFF}.Release|Any CPU.ActiveCfg = Release|Any CPU
		{D5A5ABA6-42B7-4C05-BD69-BD970153CBFF}.Release|Any CPU.Build.0 = Release|Any CPU
	EndGlobalSection
	GlobalSection(SolutionProperties) = preSolution
		HideSolutionNode = FALSE
	EndGlobalSection
	GlobalSection(ExtensibilityGlobals) = postSolution
		SolutionGuid = {0D8A1753-9FE2-4AE1-A1CD-CA1439D69956}
	EndGlobalSection
EndGlobal
